// !$*UTF8*$!
{
	archiveVersion = 1;
	classes = {
	};
	objectVersion = 55;
	objects = {

/* Begin PBXBuildFile section */
		AB45626427D6B167004A2E44 /* AppDelegate.swift in Sources */ = {isa = PBXBuildFile; fileRef = AB45626327D6B167004A2E44 /* AppDelegate.swift */; };
		AB45626627D6B167004A2E44 /* SceneDelegate.swift in Sources */ = {isa = PBXBuildFile; fileRef = AB45626527D6B167004A2E44 /* SceneDelegate.swift */; };
		AB45626827D6B167004A2E44 /* LoginViewController.swift in Sources */ = {isa = PBXBuildFile; fileRef = AB45626727D6B167004A2E44 /* LoginViewController.swift */; };
		AB45626B27D6B167004A2E44 /* Main.storyboard in Resources */ = {isa = PBXBuildFile; fileRef = AB45626927D6B167004A2E44 /* Main.storyboard */; };
		AB45626D27D6B16F004A2E44 /* Assets.xcassets in Resources */ = {isa = PBXBuildFile; fileRef = AB45626C27D6B16F004A2E44 /* Assets.xcassets */; };
		AB45627027D6B16F004A2E44 /* LaunchScreen.storyboard in Resources */ = {isa = PBXBuildFile; fileRef = AB45626E27D6B16F004A2E44 /* LaunchScreen.storyboard */; };
		AB45627827D930E6004A2E44 /* WelcomeViewController.swift in Sources */ = {isa = PBXBuildFile; fileRef = AB45627727D930E6004A2E44 /* WelcomeViewController.swift */; };
/* End PBXBuildFile section */

/* Begin PBXFileReference section */
		AB45626027D6B167004A2E44 /* LoginApp_2_3.app */ = {isa = PBXFileReference; explicitFileType = wrapper.application; includeInIndex = 0; path = LoginApp_2_3.app; sourceTree = BUILT_PRODUCTS_DIR; };
		AB45626327D6B167004A2E44 /* AppDelegate.swift */ = {isa = PBXFileReference; lastKnownFileType = sourcecode.swift; path = AppDelegate.swift; sourceTree = "<group>"; };
		AB45626527D6B167004A2E44 /* SceneDelegate.swift */ = {isa = PBXFileReference; lastKnownFileType = sourcecode.swift; path = SceneDelegate.swift; sourceTree = "<group>"; };
		AB45626727D6B167004A2E44 /* LoginViewController.swift */ = {isa = PBXFileReference; lastKnownFileType = sourcecode.swift; path = LoginViewController.swift; sourceTree = "<group>"; };
		AB45626A27D6B167004A2E44 /* Base */ = {isa = PBXFileReference; lastKnownFileType = file.storyboard; name = Base; path = Base.lproj/Main.storyboard; sourceTree = "<group>"; };
		AB45626C27D6B16F004A2E44 /* Assets.xcassets */ = {isa = PBXFileReference; lastKnownFileType = folder.assetcatalog; path = Assets.xcassets; sourceTree = "<group>"; };
		AB45626F27D6B16F004A2E44 /* Base */ = {isa = PBXFileReference; lastKnownFileType = file.storyboard; name = Base; path = Base.lproj/LaunchScreen.storyboard; sourceTree = "<group>"; };
		AB45627127D6B16F004A2E44 /* Info.plist */ = {isa = PBXFileReference; lastKnownFileType = text.plist.xml; path = Info.plist; sourceTree = "<group>"; };
		AB45627727D930E6004A2E44 /* WelcomeViewController.swift */ = {isa = PBXFileReference; lastKnownFileType = sourcecode.swift; path = WelcomeViewController.swift; sourceTree = "<group>"; };
/* End PBXFileReference section */

/* Begin PBXFrameworksBuildPhase section */
		AB45625D27D6B167004A2E44 /* Frameworks */ = {
			isa = PBXFrameworksBuildPhase;
			buildActionMask = 2147483647;
			files = (
			);
			runOnlyForDeploymentPostprocessing = 0;
		};
/* End PBXFrameworksBuildPhase section */

/* Begin PBXGroup section */
		AB45625727D6B167004A2E44 = {
			isa = PBXGroup;
			children = (
				AB45626227D6B167004A2E44 /* LoginApp_2_3 */,
				AB45626127D6B167004A2E44 /* Products */,
			);
			sourceTree = "<group>";
		};
		AB45626127D6B167004A2E44 /* Products */ = {
			isa = PBXGroup;
			children = (
				AB45626027D6B167004A2E44 /* LoginApp_2_3.app */,
			);
			name = Products;
			sourceTree = "<group>";
		};
		AB45626227D6B167004A2E44 /* LoginApp_2_3 */ = {
			isa = PBXGroup;
			children = (
				ABB74E6727DE3B31006A0B4C /* ViewControllers */,
				ABB74E6B27DE3BF9006A0B4C /* Model */,
				ABB74E6A27DE3BDA006A0B4C /* Storyboards */,
				ABB74E6927DE3BC6006A0B4C /* Resources */,
				ABB74E6827DE3B4D006A0B4C /* App */,
			);
			path = LoginApp_2_3;
			sourceTree = "<group>";
		};
		ABB74E6727DE3B31006A0B4C /* ViewControllers */ = {
			isa = PBXGroup;
			children = (
				AB45626727D6B167004A2E44 /* LoginViewController.swift */,
				AB45627727D930E6004A2E44 /* WelcomeViewController.swift */,
			);
			path = ViewControllers;
			sourceTree = "<group>";
		};
		ABB74E6827DE3B4D006A0B4C /* App */ = {
			isa = PBXGroup;
			children = (
				AB45626327D6B167004A2E44 /* AppDelegate.swift */,
				AB45626527D6B167004A2E44 /* SceneDelegate.swift */,
				AB45627127D6B16F004A2E44 /* Info.plist */,
			);
			path = App;
			sourceTree = "<group>";
		};
		ABB74E6927DE3BC6006A0B4C /* Resources */ = {
			isa = PBXGroup;
			children = (
				AB45626C27D6B16F004A2E44 /* Assets.xcassets */,
			);
			path = Resources;
			sourceTree = "<group>";
		};
		ABB74E6A27DE3BDA006A0B4C /* Storyboards */ = {
			isa = PBXGroup;
			children = (
				AB45626927D6B167004A2E44 /* Main.storyboard */,
				AB45626E27D6B16F004A2E44 /* LaunchScreen.storyboard */,
			);
			path = Storyboards;
			sourceTree = "<group>";
		};
		ABB74E6B27DE3BF9006A0B4C /* Model */ = {
			isa = PBXGroup;
			children = (
			);
			path = Model;
			sourceTree = "<group>";
		};
/* End PBXGroup section */

/* Begin PBXNativeTarget section */
		AB45625F27D6B167004A2E44 /* LoginApp_2_3 */ = {
			isa = PBXNativeTarget;
			buildConfigurationList = AB45627427D6B16F004A2E44 /* Build configuration list for PBXNativeTarget "LoginApp_2_3" */;
			buildPhases = (
				AB45625C27D6B167004A2E44 /* Sources */,
				AB45625D27D6B167004A2E44 /* Frameworks */,
				AB45625E27D6B167004A2E44 /* Resources */,
			);
			buildRules = (
			);
			dependencies = (
			);
			name = LoginApp_2_3;
			productName = LoginApp_2_3;
			productReference = AB45626027D6B167004A2E44 /* LoginApp_2_3.app */;
			productType = "com.apple.product-type.application";
		};
/* End PBXNativeTarget section */

/* Begin PBXProject section */
		AB45625827D6B167004A2E44 /* Project object */ = {
			isa = PBXProject;
			attributes = {
				BuildIndependentTargetsInParallel = 1;
				LastSwiftUpdateCheck = 1320;
				LastUpgradeCheck = 1320;
				TargetAttributes = {
					AB45625F27D6B167004A2E44 = {
						CreatedOnToolsVersion = 13.2.1;
					};
				};
			};
			buildConfigurationList = AB45625B27D6B167004A2E44 /* Build configuration list for PBXProject "LoginApp_2_3" */;
			compatibilityVersion = "Xcode 13.0";
			developmentRegion = en;
			hasScannedForEncodings = 0;
			knownRegions = (
				en,
				Base,
			);
			mainGroup = AB45625727D6B167004A2E44;
			productRefGroup = AB45626127D6B167004A2E44 /* Products */;
			projectDirPath = "";
			projectRoot = "";
			targets = (
				AB45625F27D6B167004A2E44 /* LoginApp_2_3 */,
			);
		};
/* End PBXProject section */

/* Begin PBXResourcesBuildPhase section */
		AB45625E27D6B167004A2E44 /* Resources */ = {
			isa = PBXResourcesBuildPhase;
			buildActionMask = 2147483647;
			files = (
				AB45627027D6B16F004A2E44 /* LaunchScreen.storyboard in Resources */,
				AB45626D27D6B16F004A2E44 /* Assets.xcassets in Resources */,
				AB45626B27D6B167004A2E44 /* Main.storyboard in Resources */,
			);
			runOnlyForDeploymentPostprocessing = 0;
		};
/* End PBXResourcesBuildPhase section */

/* Begin PBXSourcesBuildPhase section */
		AB45625C27D6B167004A2E44 /* Sources */ = {
			isa = PBXSourcesBuildPhase;
			buildActionMask = 2147483647;
			files = (
				AB45626827D6B167004A2E44 /* LoginViewController.swift in Sources */,
				AB45627827D930E6004A2E44 /* WelcomeViewController.swift in Sources */,
				AB45626427D6B167004A2E44 /* AppDelegate.swift in Sources */,
				AB45626627D6B167004A2E44 /* SceneDelegate.swift in Sources */,
			);
			runOnlyForDeploymentPostprocessing = 0;
		};
/* End PBXSourcesBuildPhase section */

/* Begin PBXVariantGroup section */
		AB45626927D6B167004A2E44 /* Main.storyboard */ = {
			isa = PBXVariantGroup;
			children = (
				AB45626A27D6B167004A2E44 /* Base */,
			);
			name = Main.storyboard;
			sourceTree = "<group>";
		};
		AB45626E27D6B16F004A2E44 /* LaunchScreen.storyboard */ = {
			isa = PBXVariantGroup;
			children = (
				AB45626F27D6B16F004A2E44 /* Base */,
			);
			name = LaunchScreen.storyboard;
			sourceTree = "<group>";
		};
/* End PBXVariantGroup section */

/* Begin XCBuildConfiguration section */
		AB45627227D6B16F004A2E44 /* Debug */ = {
			isa = XCBuildConfiguration;
			buildSettings = {
				ALWAYS_SEARCH_USER_PATHS = NO;
				CLANG_ANALYZER_NONNULL = YES;
				CLANG_ANALYZER_NUMBER_OBJECT_CONVERSION = YES_AGGRESSIVE;
				CLANG_CXX_LANGUAGE_STANDARD = "gnu++17";
				CLANG_CXX_LIBRARY = "libc++";
				CLANG_ENABLE_MODULES = YES;
				CLANG_ENABLE_OBJC_ARC = YES;
				CLANG_ENABLE_OBJC_WEAK = YES;
				CLANG_WARN_BLOCK_CAPTURE_AUTORELEASING = YES;
				CLANG_WARN_BOOL_CONVERSION = YES;
				CLANG_WARN_COMMA = YES;
				CLANG_WARN_CONSTANT_CONVERSION = YES;
				CLANG_WARN_DEPRECATED_OBJC_IMPLEMENTATIONS = YES;
				CLANG_WARN_DIRECT_OBJC_ISA_USAGE = YES_ERROR;
				CLANG_WARN_DOCUMENTATION_COMMENTS = YES;
				CLANG_WARN_EMPTY_BODY = YES;
				CLANG_WARN_ENUM_CONVERSION = YES;
				CLANG_WARN_INFINITE_RECURSION = YES;
				CLANG_WARN_INT_CONVERSION = YES;
				CLANG_WARN_NON_LITERAL_NULL_CONVERSION = YES;
				CLANG_WARN_OBJC_IMPLICIT_RETAIN_SELF = YES;
				CLANG_WARN_OBJC_LITERAL_CONVERSION = YES;
				CLANG_WARN_OBJC_ROOT_CLASS = YES_ERROR;
				CLANG_WARN_QUOTED_INCLUDE_IN_FRAMEWORK_HEADER = YES;
				CLANG_WARN_RANGE_LOOP_ANALYSIS = YES;
				CLANG_WARN_STRICT_PROTOTYPES = YES;
				CLANG_WARN_SUSPICIOUS_MOVE = YES;
				CLANG_WARN_UNGUARDED_AVAILABILITY = YES_AGGRESSIVE;
				CLANG_WARN_UNREACHABLE_CODE = YES;
				CLANG_WARN__DUPLICATE_METHOD_MATCH = YES;
				COPY_PHASE_STRIP = NO;
				DEBUG_INFORMATION_FORMAT = dwarf;
				ENABLE_STRICT_OBJC_MSGSEND = YES;
				ENABLE_TESTABILITY = YES;
				GCC_C_LANGUAGE_STANDARD = gnu11;
				GCC_DYNAMIC_NO_PIC = NO;
				GCC_NO_COMMON_BLOCKS = YES;
				GCC_OPTIMIZATION_LEVEL = 0;
				GCC_PREPROCESSOR_DEFINITIONS = (
					"DEBUG=1",
					"$(inherited)",
				);
				GCC_WARN_64_TO_32_BIT_CONVERSION = YES;
				GCC_WARN_ABOUT_RETURN_TYPE = YES_ERROR;
				GCC_WARN_UNDECLARED_SELECTOR = YES;
				GCC_WARN_UNINITIALIZED_AUTOS = YES_AGGRESSIVE;
				GCC_WARN_UNUSED_FUNCTION = YES;
				GCC_WARN_UNUSED_VARIABLE = YES;
				IPHONEOS_DEPLOYMENT_TARGET = 15.2;
				MTL_ENABLE_DEBUG_INFO = INCLUDE_SOURCE;
				MTL_FAST_MATH = YES;
				ONLY_ACTIVE_ARCH = YES;
				SDKROOT = iphoneos;
				SWIFT_ACTIVE_COMPILATION_CONDITIONS = DEBUG;
				SWIFT_OPTIMIZATION_LEVEL = "-Onone";
			};
			name = Debug;
		};
		AB45627327D6B16F004A2E44 /* Release */ = {
			isa = XCBuildConfiguration;
			buildSettings = {
				ALWAYS_SEARCH_USER_PATHS = NO;
				CLANG_ANALYZER_NONNULL = YES;
				CLANG_ANALYZER_NUMBER_OBJECT_CONVERSION = YES_AGGRESSIVE;
				CLANG_CXX_LANGUAGE_STANDARD = "gnu++17";
				CLANG_CXX_LIBRARY = "libc++";
				CLANG_ENABLE_MODULES = YES;
				CLANG_ENABLE_OBJC_ARC = YES;
				CLANG_ENABLE_OBJC_WEAK = YES;
				CLANG_WARN_BLOCK_CAPTURE_AUTORELEASING = YES;
				CLANG_WARN_BOOL_CONVERSION = YES;
				CLANG_WARN_COMMA = YES;
				CLANG_WARN_CONSTANT_CONVERSION = YES;
				CLANG_WARN_DEPRECATED_OBJC_IMPLEMENTATIONS = YES;
				CLANG_WARN_DIRECT_OBJC_ISA_USAGE = YES_ERROR;
				CLANG_WARN_DOCUMENTATION_COMMENTS = YES;
				CLANG_WARN_EMPTY_BODY = YES;
				CLANG_WARN_ENUM_CONVERSION = YES;
				CLANG_WARN_INFINITE_RECURSION = YES;
				CLANG_WARN_INT_CONVERSION = YES;
				CLANG_WARN_NON_LITERAL_NULL_CONVERSION = YES;
				CLANG_WARN_OBJC_IMPLICIT_RETAIN_SELF = YES;
				CLANG_WARN_OBJC_LITERAL_CONVERSION = YES;
				CLANG_WARN_OBJC_ROOT_CLASS = YES_ERROR;
				CLANG_WARN_QUOTED_INCLUDE_IN_FRAMEWORK_HEADER = YES;
				CLANG_WARN_RANGE_LOOP_ANALYSIS = YES;
				CLANG_WARN_STRICT_PROTOTYPES = YES;
				CLANG_WARN_SUSPICIOUS_MOVE = YES;
				CLANG_WARN_UNGUARDED_AVAILABILITY = YES_AGGRESSIVE;
				CLANG_WARN_UNREACHABLE_CODE = YES;
				CLANG_WARN__DUPLICATE_METHOD_MATCH = YES;
				COPY_PHASE_STRIP = NO;
				DEBUG_INFORMATION_FORMAT = "dwarf-with-dsym";
				ENABLE_NS_ASSERTIONS = NO;
				ENABLE_STRICT_OBJC_MSGSEND = YES;
				GCC_C_LANGUAGE_STANDARD = gnu11;
				GCC_NO_COMMON_BLOCKS = YES;
				GCC_WARN_64_TO_32_BIT_CONVERSION = YES;
				GCC_WARN_ABOUT_RETURN_TYPE = YES_ERROR;
				GCC_WARN_UNDECLARED_SELECTOR = YES;
				GCC_WARN_UNINITIALIZED_AUTOS = YES_AGGRESSIVE;
				GCC_WARN_UNUSED_FUNCTION = YES;
				GCC_WARN_UNUSED_VARIABLE = YES;
				IPHONEOS_DEPLOYMENT_TARGET = 15.2;
				MTL_ENABLE_DEBUG_INFO = NO;
				MTL_FAST_MATH = YES;
				SDKROOT = iphoneos;
				SWIFT_COMPILATION_MODE = wholemodule;
				SWIFT_OPTIMIZATION_LEVEL = "-O";
				VALIDATE_PRODUCT = YES;
			};
			name = Release;
		};
		AB45627527D6B16F004A2E44 /* Debug */ = {
			isa = XCBuildConfiguration;
			buildSettings = {
				ASSETCATALOG_COMPILER_APPICON_NAME = AppIcon;
				ASSETCATALOG_COMPILER_GLOBAL_ACCENT_COLOR_NAME = AccentColor;
				CODE_SIGN_STYLE = Automatic;
				CURRENT_PROJECT_VERSION = 1;
				DEVELOPMENT_TEAM = VBYD7798S4;
				GENERATE_INFOPLIST_FILE = YES;
				INFOPLIST_FILE = LoginApp_2_3/App/Info.plist;
				INFOPLIST_KEY_UIApplicationSupportsIndirectInputEvents = YES;
				INFOPLIST_KEY_UILaunchStoryboardName = LaunchScreen;
				INFOPLIST_KEY_UIMainStoryboardFile = Main;
				INFOPLIST_KEY_UISupportedInterfaceOrientations = UIInterfaceOrientationPortrait;
				INFOPLIST_KEY_UISupportedInterfaceOrientations_iPad = "UIInterfaceOrientationPortrait UIInterfaceOrientationPortraitUpsideDown UIInterfaceOrientationLandscapeLeft UIInterfaceOrientationLandscapeRight";
				INFOPLIST_KEY_UISupportedInterfaceOrientations_iPhone = UIInterfaceOrientationPortrait;
				LD_RUNPATH_SEARCH_PATHS = (
					"$(inherited)",
					"@executable_path/Frameworks",
				);
				MARKETING_VERSION = 1.0;
				PRODUCT_BUNDLE_IDENTIFIER = "-mindGroup.LoginApp-2-3";
				PRODUCT_NAME = "$(TARGET_NAME)";
				SWIFT_EMIT_LOC_STRINGS = YES;
				SWIFT_VERSION = 5.0;
				TARGETED_DEVICE_FAMILY = 1;
			};
			name = Debug;
		};
		AB45627627D6B16F004A2E44 /* Release */ = {
			isa = XCBuildConfiguration;
			buildSettings = {
				ASSETCATALOG_COMPILER_APPICON_NAME = AppIcon;
				ASSETCATALOG_COMPILER_GLOBAL_ACCENT_COLOR_NAME = AccentColor;
				CODE_SIGN_STYLE = Automatic;
				CURRENT_PROJECT_VERSION = 1;
				DEVELOPMENT_TEAM = VBYD7798S4;
				GENERATE_INFOPLIST_FILE = YES;
				INFOPLIST_FILE = LoginApp_2_3/App/Info.plist;
				INFOPLIST_KEY_UIApplicationSupportsIndirectInputEvents = YES;
				INFOPLIST_KEY_UILaunchStoryboardName = LaunchScreen;
				INFOPLIST_KEY_UIMainStoryboardFile = Main;
				INFOPLIST_KEY_UISupportedInterfaceOrientations = UIInterfaceOrientationPortrait;
				INFOPLIST_KEY_UISupportedInterfaceOrientations_iPad = "UIInterfaceOrientationPortrait UIInterfaceOrientationPortraitUpsideDown UIInterfaceOrientationLandscapeLeft UIInterfaceOrientationLandscapeRight";
				INFOPLIST_KEY_UISupportedInterfaceOrientations_iPhone = UIInterfaceOrientationPortrait;
				LD_RUNPATH_SEARCH_PATHS = (
					"$(inherited)",
					"@executable_path/Frameworks",
				);
				MARKETING_VERSION = 1.0;
				PRODUCT_BUNDLE_IDENTIFIER = "-mindGroup.LoginApp-2-3";
				PRODUCT_NAME = "$(TARGET_NAME)";
				SWIFT_EMIT_LOC_STRINGS = YES;
				SWIFT_VERSION = 5.0;
				TARGETED_DEVICE_FAMILY = 1;
			};
			name = Release;
		};
/* End XCBuildConfiguration section */

/* Begin XCConfigurationList section */
		AB45625B27D6B167004A2E44 /* Build configuration list for PBXProject "LoginApp_2_3" */ = {
			isa = XCConfigurationList;
			buildConfigurations = (
				AB45627227D6B16F004A2E44 /* Debug */,
				AB45627327D6B16F004A2E44 /* Release */,
			);
			defaultConfigurationIsVisible = 0;
			defaultConfigurationName = Release;
		};
		AB45627427D6B16F004A2E44 /* Build configuration list for PBXNativeTarget "LoginApp_2_3" */ = {
			isa = XCConfigurationList;
			buildConfigurations = (
				AB45627527D6B16F004A2E44 /* Debug */,
				AB45627627D6B16F004A2E44 /* Release */,
			);
			defaultConfigurationIsVisible = 0;
			defaultConfigurationName = Release;
		};
/* End XCConfigurationList section */
	};
	rootObject = AB45625827D6B167004A2E44 /* Project object */;
}
